# -------------------------------------------------------------------------- #
#
# Copyright (C) 2026  Altera Corporation. All rights reserved.
# Your use of Altera Corporation's design tools, logic functions 
# and other software and tools, and any partner logic 
# functions, and any output files from any of the foregoing 
# (including device programming or simulation files), and any 
# associated documentation or information are expressly subject 
# to the terms and conditions of the Altera Program License 
# Subscription Agreement, the Altera Quartus Prime License Agreement,
# the Altera IP License Agreement, or other applicable license
# agreement, including, without limitation, that your use is for
# the sole purpose of programming logic devices manufactured by
# Altera and sold by Altera or its authorized distributors.  Please
# refer to the Altera Software License Subscription Agreements 
# on the Quartus Prime software download page.
#
# -------------------------------------------------------------------------- #
#
# Quartus Prime
# Version 26.1.1 Internal Build 130 05/14/2026 SC Pro Edition
# Date created = 04:37:08  May 22, 2026
#
# -------------------------------------------------------------------------- #
set_global_assignment -name TOP_LEVEL_ENTITY top
set_global_assignment -name ORIGINAL_QUARTUS_VERSION 26.1.1
set_global_assignment -name PROJECT_CREATION_TIME_DATE "01:58:08  FEBRUARY 20, 2025"
set_global_assignment -name LAST_QUARTUS_VERSION "26.1.1 Pro Edition"
set_global_assignment -name FAMILY "Agilex 5"
set_global_assignment -name DEVICE A5ED065BB32AE4S
set_global_assignment -name OPTIMIZATION_MODE "HIGH PERFORMANCE EFFORT"
set_global_assignment -name GLOBAL_PLACEMENT_EFFORT "MAXIMUM EFFORT"
set_global_assignment -name POWER_APPLY_THERMAL_MARGIN ADDITIONAL
set_global_assignment -name SEED 1
set_global_assignment -name PWRMGT_SLAVE_DEVICE0_ADDRESS 62
set_global_assignment -name PWRMGT_SLAVE_DEVICE1_ADDRESS 00
set_global_assignment -name PWRMGT_SLAVE_DEVICE2_ADDRESS 00
set_global_assignment -name USE_PWRMGT_SCL SDM_IO0
set_global_assignment -name USE_PWRMGT_SDA SDM_IO12
set_global_assignment -name USE_CONF_DONE SDM_IO16
set_global_assignment -name PWRMGT_PAGE_COMMAND_ENABLE OFF
set_global_assignment -name PWRMGT_VOLTAGE_OUTPUT_FORMAT "LINEAR FORMAT"
set_global_assignment -name PWRMGT_LINEAR_FORMAT_N "-12"
set_global_assignment -name PWRMGT_SLAVE_DEVICE_TYPE OTHER
set_global_assignment -name PROJECT_OUTPUT_DIRECTORY output_files
set_global_assignment -name DEVICE_INITIALIZATION_CLOCK OSC_CLK_1_125MHZ
set_global_assignment -name ACTIVE_SERIAL_CLOCK AS_FREQ_125MHZ
set_global_assignment -name PRESERVE_UNUSED_XCVR_CHANNEL ON
set_global_assignment -name GENERATE_COMPRESSED_SOF ON
set_global_assignment -name MIN_CORE_JUNCTION_TEMP 0
set_global_assignment -name MAX_CORE_JUNCTION_TEMP 100
set_global_assignment -name ERROR_CHECK_FREQUENCY_DIVISOR 256
set_global_assignment -name BOARD "Agilex 5 FPGA E-Series 065B Modular Development Kit MK-A5E065BB32AEA"

set_global_assignment -name STRATIXV_CONFIGURATION_SCHEME "ACTIVE SERIAL X4"
set_location_assignment PIN_BW19 -to user_pb[0]
set_location_assignment PIN_BU28 -to cpu_resetn
set_location_assignment PIN_BK31 -to core_refclk_100
set_instance_assignment -name IO_STANDARD "3.3-V LVCMOS" -to cpu_resetn -entity top
set_instance_assignment -name IO_STANDARD "3.3-V LVCMOS" -to core_refclk_100 -entity top
set_instance_assignment -name IO_STANDARD "3.3-V LVCMOS" -to user_pb[0] -entity top
set_instance_assignment -name INPUT_TERMINATION OFF -to cpu_resetn -entity top
set_instance_assignment -name INPUT_TERMINATION OFF -to core_refclk_100 -entity top
set_instance_assignment -name INPUT_TERMINATION OFF -to user_pb[0] -entity top
set_location_assignment PIN_BR49 -to bank_2b_mem_pll_ref_clk
set_location_assignment PIN_BR52 -to bank_2b_mem_oct_rzqin
set_location_assignment PIN_CK45 -to bank_2b_mem_reset_n[0]
set_location_assignment PIN_CF52 -to bank_2b_mem_a[0]
set_location_assignment PIN_CH38 -to bank_2b_mem_a[10]
set_location_assignment PIN_CF38 -to bank_2b_mem_a[11]
set_location_assignment PIN_BU52 -to bank_2b_mem_a[12]
set_location_assignment PIN_BW49 -to bank_2b_mem_a[13]
set_location_assignment PIN_CA49 -to bank_2b_mem_a[14]
set_location_assignment PIN_BR41 -to bank_2b_mem_a[15]
set_location_assignment PIN_BU41 -to bank_2b_mem_a[16]
set_location_assignment PIN_CH52 -to bank_2b_mem_a[1]
set_location_assignment PIN_CC52 -to bank_2b_mem_a[2]
set_location_assignment PIN_CA52 -to bank_2b_mem_a[3]
set_location_assignment PIN_CF49 -to bank_2b_mem_a[4]
set_location_assignment PIN_CH49 -to bank_2b_mem_a[5]
set_location_assignment PIN_CH41 -to bank_2b_mem_a[6]
set_location_assignment PIN_CF41 -to bank_2b_mem_a[7]
set_location_assignment PIN_CC41 -to bank_2b_mem_a[8]
set_location_assignment PIN_CA41 -to bank_2b_mem_a[9]
set_location_assignment PIN_CL45 -to bank_2b_mem_act_n[0]
set_location_assignment PIN_BR38 -to bank_2b_mem_alert_n[0]
set_location_assignment PIN_BU38 -to bank_2b_mem_ba[0]
set_location_assignment PIN_CA38 -to bank_2b_mem_ba[1]
set_location_assignment PIN_BW38 -to bank_2b_mem_bg[0]
set_location_assignment PIN_CL42 -to bank_2b_mem_bg[1]
set_location_assignment PIN_CK33 -to bank_2b_mem_ck[0]
set_location_assignment PIN_CL30 -to bank_2b_mem_ck_n[0]
set_location_assignment PIN_CK35 -to bank_2b_mem_cke[0]
set_location_assignment PIN_CK48 -to bank_2b_mem_cs_n[0]
set_location_assignment PIN_BP41 -to bank_2b_mem_dbi_n[0]
set_location_assignment PIN_CL56 -to bank_2b_mem_dbi_n[1]
set_location_assignment PIN_BF57 -to bank_2b_mem_dbi_n[2]
set_location_assignment PIN_CL14 -to bank_2b_mem_dbi_n[3]
set_location_assignment PIN_BK38 -to bank_2b_mem_dq[0]
set_location_assignment PIN_CK54 -to bank_2b_mem_dq[10]
set_location_assignment PIN_CL73 -to bank_2b_mem_dq[11]
set_location_assignment PIN_CL54 -to bank_2b_mem_dq[12]
set_location_assignment PIN_CK73 -to bank_2b_mem_dq[13]
set_location_assignment PIN_CK56 -to bank_2b_mem_dq[14]
set_location_assignment PIN_CL70 -to bank_2b_mem_dq[15]
set_location_assignment PIN_BF50 -to bank_2b_mem_dq[16]
set_location_assignment PIN_BF64 -to bank_2b_mem_dq[17]
set_location_assignment PIN_BE50 -to bank_2b_mem_dq[18]
set_location_assignment PIN_BF68 -to bank_2b_mem_dq[19]
set_location_assignment PIN_BH49 -to bank_2b_mem_dq[1]
set_location_assignment PIN_BE46 -to bank_2b_mem_dq[20]
set_location_assignment PIN_BE64 -to bank_2b_mem_dq[21]
set_location_assignment PIN_BF46 -to bank_2b_mem_dq[22]
set_location_assignment PIN_BE68 -to bank_2b_mem_dq[23]
set_location_assignment PIN_CK8  -to bank_2b_mem_dq[24]
set_location_assignment PIN_CK20 -to bank_2b_mem_dq[25]
set_location_assignment PIN_CK11 -to bank_2b_mem_dq[26]
set_location_assignment PIN_CL20 -to bank_2b_mem_dq[27]
set_location_assignment PIN_CL6  -to bank_2b_mem_dq[28]
set_location_assignment PIN_CK26 -to bank_2b_mem_dq[29]
set_location_assignment PIN_BH41 -to bank_2b_mem_dq[2]
set_location_assignment PIN_CL8  -to bank_2b_mem_dq[30]
set_location_assignment PIN_CL23 -to bank_2b_mem_dq[31]
set_location_assignment PIN_BH52 -to bank_2b_mem_dq[3]
set_location_assignment PIN_BH38 -to bank_2b_mem_dq[4]
set_location_assignment PIN_BP52 -to bank_2b_mem_dq[5]
set_location_assignment PIN_BM38 -to bank_2b_mem_dq[6]
set_location_assignment PIN_BM52 -to bank_2b_mem_dq[7]
set_location_assignment PIN_CL51 -to bank_2b_mem_dq[8]
set_location_assignment PIN_CK66 -to bank_2b_mem_dq[9]
set_location_assignment PIN_BK49 -to bank_2b_mem_dqs[0]
set_location_assignment PIN_CK63 -to bank_2b_mem_dqs[1]
set_location_assignment PIN_BE61 -to bank_2b_mem_dqs[2]
set_location_assignment PIN_CK17 -to bank_2b_mem_dqs[3]
set_location_assignment PIN_BM49 -to bank_2b_mem_dqs_n[0]
set_location_assignment PIN_CL66 -to bank_2b_mem_dqs_n[1]
set_location_assignment PIN_BE57 -to bank_2b_mem_dqs_n[2]
set_location_assignment PIN_CL17 -to bank_2b_mem_dqs_n[3]
set_location_assignment PIN_CK39 -to bank_2b_mem_odt[0]
set_location_assignment PIN_CL26 -to bank_2b_mem_par[0]
set_instance_assignment -name IO_STANDARD "1.2-V" -to bank_2b_mem_alert_n[0] -entity top
set_instance_assignment -name IO_STANDARD "1.2-V" -to bank_2b_mem_oct_rzqin -entity top
set_instance_assignment -name IO_STANDARD "1.2-V TRUE DIFFERENTIAL SIGNALING" -to bank_2b_mem_pll_ref_clk -entity top
set_instance_assignment -name IO_STANDARD "1.2-V TRUE DIFFERENTIAL SIGNALING" -to "bank_2b_mem_pll_ref_clk(n)" -entity top
set_instance_assignment -name IO_STANDARD "SSTL-12" -to bank_2b_mem_a[0] -entity top
set_instance_assignment -name IO_STANDARD "SSTL-12" -to bank_2b_mem_a[10] -entity top
set_instance_assignment -name IO_STANDARD "SSTL-12" -to bank_2b_mem_a[11] -entity top
set_instance_assignment -name IO_STANDARD "SSTL-12" -to bank_2b_mem_a[12] -entity top
set_instance_assignment -name IO_STANDARD "SSTL-12" -to bank_2b_mem_a[13] -entity top
set_instance_assignment -name IO_STANDARD "SSTL-12" -to bank_2b_mem_a[14] -entity top
set_instance_assignment -name IO_STANDARD "SSTL-12" -to bank_2b_mem_a[15] -entity top
set_instance_assignment -name IO_STANDARD "SSTL-12" -to bank_2b_mem_a[16] -entity top
set_instance_assignment -name IO_STANDARD "SSTL-12" -to bank_2b_mem_a[1] -entity top
set_instance_assignment -name IO_STANDARD "SSTL-12" -to bank_2b_mem_a[2] -entity top
set_instance_assignment -name IO_STANDARD "SSTL-12" -to bank_2b_mem_a[3] -entity top
set_instance_assignment -name IO_STANDARD "SSTL-12" -to bank_2b_mem_a[4] -entity top
set_instance_assignment -name IO_STANDARD "SSTL-12" -to bank_2b_mem_a[5] -entity top
set_instance_assignment -name IO_STANDARD "SSTL-12" -to bank_2b_mem_a[6] -entity top
set_instance_assignment -name IO_STANDARD "SSTL-12" -to bank_2b_mem_a[7] -entity top
set_instance_assignment -name IO_STANDARD "SSTL-12" -to bank_2b_mem_a[8] -entity top
set_instance_assignment -name IO_STANDARD "SSTL-12" -to bank_2b_mem_a[9] -entity top
set_instance_assignment -name IO_STANDARD "SSTL-12" -to bank_2b_mem_act_n[0] -entity top
set_instance_assignment -name IO_STANDARD "SSTL-12" -to bank_2b_mem_ba[0] -entity top
set_instance_assignment -name IO_STANDARD "SSTL-12" -to bank_2b_mem_ba[1] -entity top
set_instance_assignment -name IO_STANDARD "SSTL-12" -to bank_2b_mem_bg[0] -entity top
set_instance_assignment -name IO_STANDARD "SSTL-12" -to bank_2b_mem_bg[1] -entity top
set_instance_assignment -name IO_STANDARD "DIFFERENTIAL 1.2-V SSTL" -to bank_2b_mem_ck[0] -entity top
set_instance_assignment -name IO_STANDARD "DIFFERENTIAL 1.2-V SSTL" -to bank_2b_mem_ck_n[0] -entity top
set_instance_assignment -name IO_STANDARD "SSTL-12" -to bank_2b_mem_cke[0] -entity top
set_instance_assignment -name IO_STANDARD "SSTL-12" -to bank_2b_mem_cs_n[0] -entity top
set_instance_assignment -name IO_STANDARD "SSTL-12" -to bank_2b_mem_odt[0] -entity top
set_instance_assignment -name IO_STANDARD "SSTL-12" -to bank_2b_mem_par[0] -entity top
set_instance_assignment -name IO_STANDARD "SSTL-12" -to bank_2b_mem_reset_n[0] -entity top
set_instance_assignment -name IO_STANDARD "1.2-V POD" -to bank_2b_mem_dbi_n[0] -entity top
set_instance_assignment -name IO_STANDARD "1.2-V POD" -to bank_2b_mem_dbi_n[1] -entity top
set_instance_assignment -name IO_STANDARD "1.2-V POD" -to bank_2b_mem_dbi_n[2] -entity top
set_instance_assignment -name IO_STANDARD "1.2-V POD" -to bank_2b_mem_dbi_n[3] -entity top
set_instance_assignment -name IO_STANDARD "1.2-V POD" -to bank_2b_mem_dq[0] -entity top
set_instance_assignment -name IO_STANDARD "1.2-V POD" -to bank_2b_mem_dq[10] -entity top
set_instance_assignment -name IO_STANDARD "1.2-V POD" -to bank_2b_mem_dq[11] -entity top
set_instance_assignment -name IO_STANDARD "1.2-V POD" -to bank_2b_mem_dq[12] -entity top
set_instance_assignment -name IO_STANDARD "1.2-V POD" -to bank_2b_mem_dq[13] -entity top
set_instance_assignment -name IO_STANDARD "1.2-V POD" -to bank_2b_mem_dq[14] -entity top
set_instance_assignment -name IO_STANDARD "1.2-V POD" -to bank_2b_mem_dq[15] -entity top
set_instance_assignment -name IO_STANDARD "1.2-V POD" -to bank_2b_mem_dq[16] -entity top
set_instance_assignment -name IO_STANDARD "1.2-V POD" -to bank_2b_mem_dq[17] -entity top
set_instance_assignment -name IO_STANDARD "1.2-V POD" -to bank_2b_mem_dq[18] -entity top
set_instance_assignment -name IO_STANDARD "1.2-V POD" -to bank_2b_mem_dq[19] -entity top
set_instance_assignment -name IO_STANDARD "1.2-V POD" -to bank_2b_mem_dq[1] -entity top
set_instance_assignment -name IO_STANDARD "1.2-V POD" -to bank_2b_mem_dq[20] -entity top
set_instance_assignment -name IO_STANDARD "1.2-V POD" -to bank_2b_mem_dq[21] -entity top
set_instance_assignment -name IO_STANDARD "1.2-V POD" -to bank_2b_mem_dq[22] -entity top
set_instance_assignment -name IO_STANDARD "1.2-V POD" -to bank_2b_mem_dq[23] -entity top
set_instance_assignment -name IO_STANDARD "1.2-V POD" -to bank_2b_mem_dq[24] -entity top
set_instance_assignment -name IO_STANDARD "1.2-V POD" -to bank_2b_mem_dq[25] -entity top
set_instance_assignment -name IO_STANDARD "1.2-V POD" -to bank_2b_mem_dq[26] -entity top
set_instance_assignment -name IO_STANDARD "1.2-V POD" -to bank_2b_mem_dq[27] -entity top
set_instance_assignment -name IO_STANDARD "1.2-V POD" -to bank_2b_mem_dq[28] -entity top
set_instance_assignment -name IO_STANDARD "1.2-V POD" -to bank_2b_mem_dq[29] -entity top
set_instance_assignment -name IO_STANDARD "1.2-V POD" -to bank_2b_mem_dq[2] -entity top
set_instance_assignment -name IO_STANDARD "1.2-V POD" -to bank_2b_mem_dq[30] -entity top
set_instance_assignment -name IO_STANDARD "1.2-V POD" -to bank_2b_mem_dq[31] -entity top
set_instance_assignment -name IO_STANDARD "1.2-V POD" -to bank_2b_mem_dq[3] -entity top
set_instance_assignment -name IO_STANDARD "1.2-V POD" -to bank_2b_mem_dq[4] -entity top
set_instance_assignment -name IO_STANDARD "1.2-V POD" -to bank_2b_mem_dq[5] -entity top
set_instance_assignment -name IO_STANDARD "1.2-V POD" -to bank_2b_mem_dq[6] -entity top
set_instance_assignment -name IO_STANDARD "1.2-V POD" -to bank_2b_mem_dq[7] -entity top
set_instance_assignment -name IO_STANDARD "1.2-V POD" -to bank_2b_mem_dq[8] -entity top
set_instance_assignment -name IO_STANDARD "1.2-V POD" -to bank_2b_mem_dq[9] -entity top
set_instance_assignment -name IO_STANDARD "DIFFERENTIAL 1.2-V POD" -to bank_2b_mem_dqs[0] -entity top
set_instance_assignment -name IO_STANDARD "DIFFERENTIAL 1.2-V POD" -to bank_2b_mem_dqs[1] -entity top
set_instance_assignment -name IO_STANDARD "DIFFERENTIAL 1.2-V POD" -to bank_2b_mem_dqs[2] -entity top
set_instance_assignment -name IO_STANDARD "DIFFERENTIAL 1.2-V POD" -to bank_2b_mem_dqs[3] -entity top
set_instance_assignment -name IO_STANDARD "DIFFERENTIAL 1.2-V POD" -to bank_2b_mem_dqs_n[0] -entity top
set_instance_assignment -name IO_STANDARD "DIFFERENTIAL 1.2-V POD" -to bank_2b_mem_dqs_n[1] -entity top
set_instance_assignment -name IO_STANDARD "DIFFERENTIAL 1.2-V POD" -to bank_2b_mem_dqs_n[2] -entity top
set_instance_assignment -name IO_STANDARD "DIFFERENTIAL 1.2-V POD" -to bank_2b_mem_dqs_n[3] -entity top
set_location_assignment PIN_P74  -to mem_a[0]
set_location_assignment PIN_T65  -to mem_a[10]
set_location_assignment PIN_P65  -to mem_a[11]
set_location_assignment PIN_AG79 -to mem_a[12]
set_location_assignment PIN_AG72 -to mem_a[13]
set_location_assignment PIN_AG75 -to mem_a[14]
set_location_assignment PIN_AG83 -to mem_a[15]
set_location_assignment PIN_AC83 -to mem_a[16]
set_location_assignment PIN_T74  -to mem_a[1]
set_location_assignment PIN_V77  -to mem_a[2]
set_location_assignment PIN_T77  -to mem_a[3]
set_location_assignment PIN_M74  -to mem_a[4]
set_location_assignment PIN_K74  -to mem_a[5]
set_location_assignment PIN_V67  -to mem_a[6]
set_location_assignment PIN_T67  -to mem_a[7]
set_location_assignment PIN_M65  -to mem_a[8]
set_location_assignment PIN_K65  -to mem_a[9]
set_location_assignment PIN_H77  -to mem_act_n[0]
set_location_assignment PIN_Y77  -to mem_alert_n[0]
set_location_assignment PIN_Y74  -to mem_ba[0]
set_location_assignment PIN_Y67  -to mem_ba[1]
set_location_assignment PIN_Y65  -to mem_bg[0]
set_location_assignment PIN_K77  -to mem_bg[1]
set_location_assignment PIN_H67  -to mem_ck[0]
set_location_assignment PIN_F67  -to mem_ck_n[0]
set_location_assignment PIN_M67  -to mem_cke[0]
set_location_assignment PIN_F77  -to mem_cs_n[0]
set_location_assignment PIN_B73  -to mem_dbi_n[0]
set_location_assignment PIN_AC53 -to mem_dbi_n[1]
set_location_assignment PIN_V47  -to mem_dbi_n[2]
set_location_assignment PIN_M47  -to mem_dbi_n[3]
set_location_assignment PIN_B51  -to mem_dbi_n[4]
set_location_assignment PIN_B82  -to mem_dq[0]
set_location_assignment PIN_AC61 -to mem_dq[10]
set_location_assignment PIN_Y55  -to mem_dq[11]
set_location_assignment PIN_AC64 -to mem_dq[12]
set_location_assignment PIN_AG61 -to mem_dq[13]
set_location_assignment PIN_AG64 -to mem_dq[14]
set_location_assignment PIN_Y44  -to mem_dq[15]
set_location_assignment PIN_P55  -to mem_dq[16]
set_location_assignment PIN_T55  -to mem_dq[17]
set_location_assignment PIN_V58  -to mem_dq[18]
set_location_assignment PIN_T58  -to mem_dq[19]
set_location_assignment PIN_A66  -to mem_dq[1]
set_location_assignment PIN_P44  -to mem_dq[20]
set_location_assignment PIN_T44  -to mem_dq[21]
set_location_assignment PIN_K44  -to mem_dq[22]
set_location_assignment PIN_M44  -to mem_dq[23]
set_location_assignment PIN_H58  -to mem_dq[24]
set_location_assignment PIN_F58  -to mem_dq[25]
set_location_assignment PIN_M58  -to mem_dq[26]
set_location_assignment PIN_K58  -to mem_dq[27]
set_location_assignment PIN_F47  -to mem_dq[28]
set_location_assignment PIN_H47  -to mem_dq[29]
set_location_assignment PIN_A82  -to mem_dq[2]
set_location_assignment PIN_D44  -to mem_dq[30]
set_location_assignment PIN_F44  -to mem_dq[31]
set_location_assignment PIN_B56  -to mem_dq[32]
set_location_assignment PIN_B45  -to mem_dq[33]
set_location_assignment PIN_A60  -to mem_dq[34]
set_location_assignment PIN_A48  -to mem_dq[35]
set_location_assignment PIN_B60  -to mem_dq[36]
set_location_assignment PIN_B42  -to mem_dq[37]
set_location_assignment PIN_A63  -to mem_dq[38]
set_location_assignment PIN_A45  -to mem_dq[39]
set_location_assignment PIN_A70  -to mem_dq[3]
set_location_assignment PIN_A85  -to mem_dq[4]
set_location_assignment PIN_B66  -to mem_dq[5]
set_location_assignment PIN_B85  -to mem_dq[6]
set_location_assignment PIN_B70  -to mem_dq[7]
set_location_assignment PIN_Y58  -to mem_dq[8]
set_location_assignment PIN_Y47  -to mem_dq[9]
set_location_assignment PIN_A80  -to mem_dqs[0]
set_location_assignment PIN_AG57 -to mem_dqs[1]
set_location_assignment PIN_K55  -to mem_dqs[2]
set_location_assignment PIN_F55  -to mem_dqs[3]
set_location_assignment PIN_A54  -to mem_dqs[4]
set_location_assignment PIN_B76  -to mem_dqs_n[0]
set_location_assignment PIN_AG53 -to mem_dqs_n[1]
set_location_assignment PIN_M55  -to mem_dqs_n[2]
set_location_assignment PIN_D55  -to mem_dqs_n[3]
set_location_assignment PIN_B54  -to mem_dqs_n[4]
set_location_assignment PIN_AC79 -to mem_oct_rzqin
set_location_assignment PIN_D74  -to mem_odt[0]
set_location_assignment PIN_D65  -to mem_par[0]
set_location_assignment PIN_AC68 -to mem_pll_ref_clk
set_location_assignment PIN_M77  -to mem_reset_n[0]
set_instance_assignment -name IO_STANDARD "1.2-V" -to mem_alert_n[0] -entity top
set_instance_assignment -name IO_STANDARD "1.2-V" -to mem_oct_rzqin -entity top
set_instance_assignment -name IO_STANDARD "1.2-V TRUE DIFFERENTIAL SIGNALING" -to mem_pll_ref_clk -entity top
set_instance_assignment -name IO_STANDARD "1.2-V TRUE DIFFERENTIAL SIGNALING" -to "mem_pll_ref_clk(n)" -entity top
set_instance_assignment -name IO_STANDARD "SSTL-12" -to mem_a[0] -entity top
set_instance_assignment -name IO_STANDARD "SSTL-12" -to mem_a[10] -entity top
set_instance_assignment -name IO_STANDARD "SSTL-12" -to mem_a[11] -entity top
set_instance_assignment -name IO_STANDARD "SSTL-12" -to mem_a[12] -entity top
set_instance_assignment -name IO_STANDARD "SSTL-12" -to mem_a[13] -entity top
set_instance_assignment -name IO_STANDARD "SSTL-12" -to mem_a[14] -entity top
set_instance_assignment -name IO_STANDARD "SSTL-12" -to mem_a[15] -entity top
set_instance_assignment -name IO_STANDARD "SSTL-12" -to mem_a[16] -entity top
set_instance_assignment -name IO_STANDARD "SSTL-12" -to mem_a[1] -entity top
set_instance_assignment -name IO_STANDARD "SSTL-12" -to mem_a[2] -entity top
set_instance_assignment -name IO_STANDARD "SSTL-12" -to mem_a[3] -entity top
set_instance_assignment -name IO_STANDARD "SSTL-12" -to mem_a[4] -entity top
set_instance_assignment -name IO_STANDARD "SSTL-12" -to mem_a[5] -entity top
set_instance_assignment -name IO_STANDARD "SSTL-12" -to mem_a[6] -entity top
set_instance_assignment -name IO_STANDARD "SSTL-12" -to mem_a[7] -entity top
set_instance_assignment -name IO_STANDARD "SSTL-12" -to mem_a[8] -entity top
set_instance_assignment -name IO_STANDARD "SSTL-12" -to mem_a[9] -entity top
set_instance_assignment -name IO_STANDARD "SSTL-12" -to mem_act_n[0] -entity top
set_instance_assignment -name IO_STANDARD "SSTL-12" -to mem_ba[0] -entity top
set_instance_assignment -name IO_STANDARD "SSTL-12" -to mem_ba[1] -entity top
set_instance_assignment -name IO_STANDARD "SSTL-12" -to mem_bg[0] -entity top
set_instance_assignment -name IO_STANDARD "SSTL-12" -to mem_bg[1] -entity top
set_instance_assignment -name IO_STANDARD "DIFFERENTIAL 1.2-V SSTL" -to mem_ck[0] -entity top
set_instance_assignment -name IO_STANDARD "DIFFERENTIAL 1.2-V SSTL" -to mem_ck_n[0] -entity top
set_instance_assignment -name IO_STANDARD "SSTL-12" -to mem_cke[0] -entity top
set_instance_assignment -name IO_STANDARD "SSTL-12" -to mem_cs_n[0] -entity top
set_instance_assignment -name IO_STANDARD "SSTL-12" -to mem_odt[0] -entity top
set_instance_assignment -name IO_STANDARD "SSTL-12" -to mem_par[0] -entity top
set_instance_assignment -name IO_STANDARD "SSTL-12" -to mem_reset_n[0] -entity top
set_instance_assignment -name IO_STANDARD "1.2-V POD" -to mem_dbi_n[0] -entity top
set_instance_assignment -name IO_STANDARD "1.2-V POD" -to mem_dbi_n[1] -entity top
set_instance_assignment -name IO_STANDARD "1.2-V POD" -to mem_dbi_n[2] -entity top
set_instance_assignment -name IO_STANDARD "1.2-V POD" -to mem_dbi_n[3] -entity top
set_instance_assignment -name IO_STANDARD "1.2-V POD" -to mem_dbi_n[4] -entity top
set_instance_assignment -name IO_STANDARD "1.2-V POD" -to mem_dq[0] -entity top
set_instance_assignment -name IO_STANDARD "1.2-V POD" -to mem_dq[10] -entity top
set_instance_assignment -name IO_STANDARD "1.2-V POD" -to mem_dq[11] -entity top
set_instance_assignment -name IO_STANDARD "1.2-V POD" -to mem_dq[12] -entity top
set_instance_assignment -name IO_STANDARD "1.2-V POD" -to mem_dq[13] -entity top
set_instance_assignment -name IO_STANDARD "1.2-V POD" -to mem_dq[14] -entity top
set_instance_assignment -name IO_STANDARD "1.2-V POD" -to mem_dq[15] -entity top
set_instance_assignment -name IO_STANDARD "1.2-V POD" -to mem_dq[16] -entity top
set_instance_assignment -name IO_STANDARD "1.2-V POD" -to mem_dq[17] -entity top
set_instance_assignment -name IO_STANDARD "1.2-V POD" -to mem_dq[18] -entity top
set_instance_assignment -name IO_STANDARD "1.2-V POD" -to mem_dq[19] -entity top
set_instance_assignment -name IO_STANDARD "1.2-V POD" -to mem_dq[1] -entity top
set_instance_assignment -name IO_STANDARD "1.2-V POD" -to mem_dq[20] -entity top
set_instance_assignment -name IO_STANDARD "1.2-V POD" -to mem_dq[21] -entity top
set_instance_assignment -name IO_STANDARD "1.2-V POD" -to mem_dq[22] -entity top
set_instance_assignment -name IO_STANDARD "1.2-V POD" -to mem_dq[23] -entity top
set_instance_assignment -name IO_STANDARD "1.2-V POD" -to mem_dq[24] -entity top
set_instance_assignment -name IO_STANDARD "1.2-V POD" -to mem_dq[25] -entity top
set_instance_assignment -name IO_STANDARD "1.2-V POD" -to mem_dq[26] -entity top
set_instance_assignment -name IO_STANDARD "1.2-V POD" -to mem_dq[27] -entity top
set_instance_assignment -name IO_STANDARD "1.2-V POD" -to mem_dq[28] -entity top
set_instance_assignment -name IO_STANDARD "1.2-V POD" -to mem_dq[29] -entity top
set_instance_assignment -name IO_STANDARD "1.2-V POD" -to mem_dq[2] -entity top
set_instance_assignment -name IO_STANDARD "1.2-V POD" -to mem_dq[30] -entity top
set_instance_assignment -name IO_STANDARD "1.2-V POD" -to mem_dq[31] -entity top
set_instance_assignment -name IO_STANDARD "1.2-V POD" -to mem_dq[32] -entity top
set_instance_assignment -name IO_STANDARD "1.2-V POD" -to mem_dq[33] -entity top
set_instance_assignment -name IO_STANDARD "1.2-V POD" -to mem_dq[34] -entity top
set_instance_assignment -name IO_STANDARD "1.2-V POD" -to mem_dq[35] -entity top
set_instance_assignment -name IO_STANDARD "1.2-V POD" -to mem_dq[36] -entity top
set_instance_assignment -name IO_STANDARD "1.2-V POD" -to mem_dq[37] -entity top
set_instance_assignment -name IO_STANDARD "1.2-V POD" -to mem_dq[38] -entity top
set_instance_assignment -name IO_STANDARD "1.2-V POD" -to mem_dq[39] -entity top
set_instance_assignment -name IO_STANDARD "1.2-V POD" -to mem_dq[3] -entity top
set_instance_assignment -name IO_STANDARD "1.2-V POD" -to mem_dq[4] -entity top
set_instance_assignment -name IO_STANDARD "1.2-V POD" -to mem_dq[5] -entity top
set_instance_assignment -name IO_STANDARD "1.2-V POD" -to mem_dq[6] -entity top
set_instance_assignment -name IO_STANDARD "1.2-V POD" -to mem_dq[7] -entity top
set_instance_assignment -name IO_STANDARD "1.2-V POD" -to mem_dq[8] -entity top
set_instance_assignment -name IO_STANDARD "1.2-V POD" -to mem_dq[9] -entity top
set_instance_assignment -name IO_STANDARD "DIFFERENTIAL 1.2-V POD" -to mem_dqs[0] -entity top
set_instance_assignment -name IO_STANDARD "DIFFERENTIAL 1.2-V POD" -to mem_dqs[1] -entity top
set_instance_assignment -name IO_STANDARD "DIFFERENTIAL 1.2-V POD" -to mem_dqs[2] -entity top
set_instance_assignment -name IO_STANDARD "DIFFERENTIAL 1.2-V POD" -to mem_dqs[3] -entity top
set_instance_assignment -name IO_STANDARD "DIFFERENTIAL 1.2-V POD" -to mem_dqs[4] -entity top
set_instance_assignment -name IO_STANDARD "DIFFERENTIAL 1.2-V POD" -to mem_dqs_n[0] -entity top
set_instance_assignment -name IO_STANDARD "DIFFERENTIAL 1.2-V POD" -to mem_dqs_n[1] -entity top
set_instance_assignment -name IO_STANDARD "DIFFERENTIAL 1.2-V POD" -to mem_dqs_n[2] -entity top
set_instance_assignment -name IO_STANDARD "DIFFERENTIAL 1.2-V POD" -to mem_dqs_n[3] -entity top
set_instance_assignment -name IO_STANDARD "DIFFERENTIAL 1.2-V POD" -to mem_dqs_n[4] -entity top
set_location_assignment PIN_H108  -to bank_3a_mem_ck
set_location_assignment PIN_F108  -to bank_3a_mem_ck_n
set_location_assignment PIN_T114  -to bank_3a_mem_a[0]
set_location_assignment PIN_P114  -to bank_3a_mem_a[1]
set_location_assignment PIN_V117  -to bank_3a_mem_a[2]
set_location_assignment PIN_T117  -to bank_3a_mem_a[3]
set_location_assignment PIN_M114  -to bank_3a_mem_a[4]
set_location_assignment PIN_K114  -to bank_3a_mem_a[5]
set_location_assignment PIN_V108  -to bank_3a_mem_a[6]
set_location_assignment PIN_T108  -to bank_3a_mem_a[7]
set_location_assignment PIN_T105  -to bank_3a_mem_a[8]
set_location_assignment PIN_P105  -to bank_3a_mem_a[9]
set_location_assignment PIN_M105  -to bank_3a_mem_a[10]
set_location_assignment PIN_K105  -to bank_3a_mem_a[11]
set_location_assignment PIN_AG111 -to bank_3a_mem_a[12]
set_location_assignment PIN_Y114  -to bank_3a_mem_a[13]
set_location_assignment PIN_AB114 -to bank_3a_mem_a[14]
set_location_assignment PIN_AK107 -to bank_3a_mem_a[15]
set_location_assignment PIN_AK104 -to bank_3a_mem_a[16]
set_location_assignment PIN_M117  -to bank_3a_mem_act_n
set_location_assignment PIN_AB108 -to bank_3a_mem_ba[0]
set_location_assignment PIN_Y105  -to bank_3a_mem_ba[1]
set_location_assignment PIN_AB105 -to bank_3a_mem_bg[0]
set_location_assignment PIN_F117  -to bank_3a_mem_bg[1]
set_location_assignment PIN_F105  -to bank_3a_mem_cke
set_location_assignment PIN_K117  -to bank_3a_mem_cs_n
set_location_assignment PIN_F114  -to bank_3a_mem_odt
set_location_assignment PIN_H117  -to bank_3a_mem_reset_n
set_location_assignment PIN_K108  -to bank_3a_mem_par
set_location_assignment PIN_AK111 -to bank_3a_mem_oct_rzqin
set_location_assignment PIN_Y108  -to bank_3a_mem_alert_n
set_location_assignment PIN_AB117 -to bank_3a_mem_pll_ref_clk
set_location_assignment PIN_Y117  -to "bank_3a_mem_pll_ref_clk(n)"
set_location_assignment PIN_B122  -to bank_3a_mem_dqs[0]
set_location_assignment PIN_AG90  -to bank_3a_mem_dqs[1]
set_location_assignment PIN_K95   -to bank_3a_mem_dqs[2]
set_location_assignment PIN_F95   -to bank_3a_mem_dqs[3]
set_location_assignment PIN_A101  -to bank_3a_mem_dqs[4]
set_location_assignment PIN_A125  -to bank_3a_mem_dqs_n[0]
set_location_assignment PIN_AG93  -to bank_3a_mem_dqs_n[1]
set_location_assignment PIN_M95   -to bank_3a_mem_dqs_n[2]
set_location_assignment PIN_D95   -to bank_3a_mem_dqs_n[3]
set_location_assignment PIN_B101  -to bank_3a_mem_dqs_n[4]
set_location_assignment PIN_B119  -to bank_3a_mem_dbi_n[0]
set_location_assignment PIN_AC90  -to bank_3a_mem_dbi_n[1]
set_location_assignment PIN_V87   -to bank_3a_mem_dbi_n[2]
set_location_assignment PIN_H87   -to bank_3a_mem_dbi_n[3]
set_location_assignment PIN_B97   -to bank_3a_mem_dbi_n[4]
set_location_assignment PIN_A128  -to bank_3a_mem_dq[0]
set_location_assignment PIN_A113  -to bank_3a_mem_dq[1]
set_location_assignment PIN_B128  -to bank_3a_mem_dq[2]
set_location_assignment PIN_B113  -to bank_3a_mem_dq[3]
set_location_assignment PIN_A130  -to bank_3a_mem_dq[4]
set_location_assignment PIN_A116  -to bank_3a_mem_dq[5]
set_location_assignment PIN_B130  -to bank_3a_mem_dq[6]
set_location_assignment PIN_B116  -to bank_3a_mem_dq[7]
set_location_assignment PIN_AC96  -to bank_3a_mem_dq[8]
set_location_assignment PIN_Y95   -to bank_3a_mem_dq[9]
set_location_assignment PIN_Y98   -to bank_3a_mem_dq[10]
set_location_assignment PIN_AG104 -to bank_3a_mem_dq[11]
set_location_assignment PIN_AC100 -to bank_3a_mem_dq[12]
set_location_assignment PIN_Y87   -to bank_3a_mem_dq[13]
set_location_assignment PIN_AG100 -to bank_3a_mem_dq[14]
set_location_assignment PIN_Y84   -to bank_3a_mem_dq[15]
set_location_assignment PIN_V98   -to bank_3a_mem_dq[16]
set_location_assignment PIN_P84   -to bank_3a_mem_dq[17]
set_location_assignment PIN_T95   -to bank_3a_mem_dq[18]
set_location_assignment PIN_T84   -to bank_3a_mem_dq[19]
set_location_assignment PIN_T98   -to bank_3a_mem_dq[20]
set_location_assignment PIN_M84   -to bank_3a_mem_dq[21]
set_location_assignment PIN_P95   -to bank_3a_mem_dq[22]
set_location_assignment PIN_K84   -to bank_3a_mem_dq[23]
set_location_assignment PIN_K98   -to bank_3a_mem_dq[24]
set_location_assignment PIN_K87   -to bank_3a_mem_dq[25]
set_location_assignment PIN_H98   -to bank_3a_mem_dq[26]
set_location_assignment PIN_M87   -to bank_3a_mem_dq[27]
set_location_assignment PIN_M98   -to bank_3a_mem_dq[28]
set_location_assignment PIN_F84   -to bank_3a_mem_dq[29]
set_location_assignment PIN_F98   -to bank_3a_mem_dq[30]
set_location_assignment PIN_D84   -to bank_3a_mem_dq[31]
set_location_assignment PIN_A110  -to bank_3a_mem_dq[32]
set_location_assignment PIN_B91   -to bank_3a_mem_dq[33]
set_location_assignment PIN_B106  -to bank_3a_mem_dq[34]
set_location_assignment PIN_A91   -to bank_3a_mem_dq[35]
set_location_assignment PIN_A106  -to bank_3a_mem_dq[36]
set_location_assignment PIN_B88   -to bank_3a_mem_dq[37]
set_location_assignment PIN_B103  -to bank_3a_mem_dq[38]
set_location_assignment PIN_A94   -to bank_3a_mem_dq[39]
set_instance_assignment -name IO_STANDARD "DIFFERENTIAL 1.2-V SSTL" -to bank_3a_mem_ck -entity top
set_instance_assignment -name IO_STANDARD "DIFFERENTIAL 1.2-V SSTL" -to bank_3a_mem_ck_n -entity top
set_instance_assignment -name IO_STANDARD "SSTL-12" -to bank_3a_mem_a[0] -entity top
set_instance_assignment -name IO_STANDARD "SSTL-12" -to bank_3a_mem_a[1] -entity top
set_instance_assignment -name IO_STANDARD "SSTL-12" -to bank_3a_mem_a[2] -entity top
set_instance_assignment -name IO_STANDARD "SSTL-12" -to bank_3a_mem_a[3] -entity top
set_instance_assignment -name IO_STANDARD "SSTL-12" -to bank_3a_mem_a[4] -entity top
set_instance_assignment -name IO_STANDARD "SSTL-12" -to bank_3a_mem_a[5] -entity top
set_instance_assignment -name IO_STANDARD "SSTL-12" -to bank_3a_mem_a[6] -entity top
set_instance_assignment -name IO_STANDARD "SSTL-12" -to bank_3a_mem_a[7] -entity top
set_instance_assignment -name IO_STANDARD "SSTL-12" -to bank_3a_mem_a[8] -entity top
set_instance_assignment -name IO_STANDARD "SSTL-12" -to bank_3a_mem_a[9] -entity top
set_instance_assignment -name IO_STANDARD "SSTL-12" -to bank_3a_mem_a[10] -entity top
set_instance_assignment -name IO_STANDARD "SSTL-12" -to bank_3a_mem_a[11] -entity top
set_instance_assignment -name IO_STANDARD "SSTL-12" -to bank_3a_mem_a[12] -entity top
set_instance_assignment -name IO_STANDARD "SSTL-12" -to bank_3a_mem_a[13] -entity top
set_instance_assignment -name IO_STANDARD "SSTL-12" -to bank_3a_mem_a[14] -entity top
set_instance_assignment -name IO_STANDARD "SSTL-12" -to bank_3a_mem_a[15] -entity top
set_instance_assignment -name IO_STANDARD "SSTL-12" -to bank_3a_mem_a[16] -entity top
set_instance_assignment -name IO_STANDARD "SSTL-12" -to bank_3a_mem_act_n -entity top
set_instance_assignment -name IO_STANDARD "SSTL-12" -to bank_3a_mem_ba[0] -entity top
set_instance_assignment -name IO_STANDARD "SSTL-12" -to bank_3a_mem_ba[1] -entity top
set_instance_assignment -name IO_STANDARD "SSTL-12" -to bank_3a_mem_bg[0] -entity top
set_instance_assignment -name IO_STANDARD "SSTL-12" -to bank_3a_mem_bg[1] -entity top
set_instance_assignment -name IO_STANDARD "SSTL-12" -to bank_3a_mem_cke -entity top
set_instance_assignment -name IO_STANDARD "SSTL-12" -to bank_3a_mem_cs_n -entity top
set_instance_assignment -name IO_STANDARD "SSTL-12" -to bank_3a_mem_odt -entity top
set_instance_assignment -name IO_STANDARD "SSTL-12" -to bank_3a_mem_reset_n -entity top
set_instance_assignment -name IO_STANDARD "SSTL-12" -to bank_3a_mem_par -entity top
set_instance_assignment -name IO_STANDARD "1.2-V"   -to bank_3a_mem_oct_rzqin -entity top
set_instance_assignment -name IO_STANDARD "1.2V TRUE DIFFERENTIAL SIGNALING" -to bank_3a_mem_pll_ref_clk -entity top
set_instance_assignment -name IO_STANDARD "1.2V TRUE DIFFERENTIAL SIGNALING" -to "bank_3a_mem_pll_ref_clk(n)" -entity top
set_instance_assignment -name IO_STANDARD "DIFFERENTIAL 1.2-V POD" -to bank_3a_mem_dqs[0] -entity top
set_instance_assignment -name IO_STANDARD "DIFFERENTIAL 1.2-V POD" -to bank_3a_mem_dqs[1] -entity top
set_instance_assignment -name IO_STANDARD "DIFFERENTIAL 1.2-V POD" -to bank_3a_mem_dqs[2] -entity top
set_instance_assignment -name IO_STANDARD "DIFFERENTIAL 1.2-V POD" -to bank_3a_mem_dqs[3] -entity top
set_instance_assignment -name IO_STANDARD "DIFFERENTIAL 1.2-V POD" -to bank_3a_mem_dqs[4] -entity top
set_instance_assignment -name IO_STANDARD "DIFFERENTIAL 1.2-V POD" -to bank_3a_mem_dqs_n[0] -entity top
set_instance_assignment -name IO_STANDARD "DIFFERENTIAL 1.2-V POD" -to bank_3a_mem_dqs_n[1] -entity top
set_instance_assignment -name IO_STANDARD "DIFFERENTIAL 1.2-V POD" -to bank_3a_mem_dqs_n[2] -entity top
set_instance_assignment -name IO_STANDARD "DIFFERENTIAL 1.2-V POD" -to bank_3a_mem_dqs_n[3] -entity top
set_instance_assignment -name IO_STANDARD "DIFFERENTIAL 1.2-V POD" -to bank_3a_mem_dqs_n[4] -entity top
set_instance_assignment -name IO_STANDARD "1.2-V POD" -to bank_3a_mem_dbi_n[0] -entity top
set_instance_assignment -name IO_STANDARD "1.2-V POD" -to bank_3a_mem_dbi_n[1] -entity top
set_instance_assignment -name IO_STANDARD "1.2-V POD" -to bank_3a_mem_dbi_n[2] -entity top
set_instance_assignment -name IO_STANDARD "1.2-V POD" -to bank_3a_mem_dbi_n[3] -entity top
set_instance_assignment -name IO_STANDARD "1.2-V POD" -to bank_3a_mem_dbi_n[4] -entity top
set_instance_assignment -name IO_STANDARD "1.2-V POD" -to bank_3a_mem_dq[0] -entity top
set_instance_assignment -name IO_STANDARD "1.2-V POD" -to bank_3a_mem_dq[1] -entity top
set_instance_assignment -name IO_STANDARD "1.2-V POD" -to bank_3a_mem_dq[2] -entity top
set_instance_assignment -name IO_STANDARD "1.2-V POD" -to bank_3a_mem_dq[3] -entity top
set_instance_assignment -name IO_STANDARD "1.2-V POD" -to bank_3a_mem_dq[4] -entity top
set_instance_assignment -name IO_STANDARD "1.2-V POD" -to bank_3a_mem_dq[5] -entity top
set_instance_assignment -name IO_STANDARD "1.2-V POD" -to bank_3a_mem_dq[6] -entity top
set_instance_assignment -name IO_STANDARD "1.2-V POD" -to bank_3a_mem_dq[7] -entity top
set_instance_assignment -name IO_STANDARD "1.2-V POD" -to bank_3a_mem_dq[8] -entity top
set_instance_assignment -name IO_STANDARD "1.2-V POD" -to bank_3a_mem_dq[9] -entity top
set_instance_assignment -name IO_STANDARD "1.2-V POD" -to bank_3a_mem_dq[10] -entity top
set_instance_assignment -name IO_STANDARD "1.2-V POD" -to bank_3a_mem_dq[11] -entity top
set_instance_assignment -name IO_STANDARD "1.2-V POD" -to bank_3a_mem_dq[12] -entity top
set_instance_assignment -name IO_STANDARD "1.2-V POD" -to bank_3a_mem_dq[13] -entity top
set_instance_assignment -name IO_STANDARD "1.2-V POD" -to bank_3a_mem_dq[14] -entity top
set_instance_assignment -name IO_STANDARD "1.2-V POD" -to bank_3a_mem_dq[15] -entity top
set_instance_assignment -name IO_STANDARD "1.2-V POD" -to bank_3a_mem_dq[16] -entity top
set_instance_assignment -name IO_STANDARD "1.2-V POD" -to bank_3a_mem_dq[17] -entity top
set_instance_assignment -name IO_STANDARD "1.2-V POD" -to bank_3a_mem_dq[18] -entity top
set_instance_assignment -name IO_STANDARD "1.2-V POD" -to bank_3a_mem_dq[19] -entity top
set_instance_assignment -name IO_STANDARD "1.2-V POD" -to bank_3a_mem_dq[20] -entity top
set_instance_assignment -name IO_STANDARD "1.2-V POD" -to bank_3a_mem_dq[21] -entity top
set_instance_assignment -name IO_STANDARD "1.2-V POD" -to bank_3a_mem_dq[22] -entity top
set_instance_assignment -name IO_STANDARD "1.2-V POD" -to bank_3a_mem_dq[23] -entity top
set_instance_assignment -name IO_STANDARD "1.2-V POD" -to bank_3a_mem_dq[24] -entity top
set_instance_assignment -name IO_STANDARD "1.2-V POD" -to bank_3a_mem_dq[25] -entity top
set_instance_assignment -name IO_STANDARD "1.2-V POD" -to bank_3a_mem_dq[26] -entity top
set_instance_assignment -name IO_STANDARD "1.2-V POD" -to bank_3a_mem_dq[27] -entity top
set_instance_assignment -name IO_STANDARD "1.2-V POD" -to bank_3a_mem_dq[28] -entity top
set_instance_assignment -name IO_STANDARD "1.2-V POD" -to bank_3a_mem_dq[29] -entity top
set_instance_assignment -name IO_STANDARD "1.2-V POD" -to bank_3a_mem_dq[30] -entity top
set_instance_assignment -name IO_STANDARD "1.2-V POD" -to bank_3a_mem_dq[31] -entity top
set_instance_assignment -name IO_STANDARD "1.2-V POD" -to bank_3a_mem_dq[32] -entity top
set_instance_assignment -name IO_STANDARD "1.2-V POD" -to bank_3a_mem_dq[33] -entity top
set_instance_assignment -name IO_STANDARD "1.2-V POD" -to bank_3a_mem_dq[34] -entity top
set_instance_assignment -name IO_STANDARD "1.2-V POD" -to bank_3a_mem_dq[35] -entity top
set_instance_assignment -name IO_STANDARD "1.2-V POD" -to bank_3a_mem_dq[36] -entity top
set_instance_assignment -name IO_STANDARD "1.2-V POD" -to bank_3a_mem_dq[37] -entity top
set_instance_assignment -name IO_STANDARD "1.2-V POD" -to bank_3a_mem_dq[38] -entity top
set_instance_assignment -name IO_STANDARD "1.2-V POD" -to bank_3a_mem_dq[39] -entity top
set_location_assignment PIN_BE115 -to board_i2c_sda
set_location_assignment PIN_BF120 -to board_i2c_scl
set_instance_assignment -name IO_STANDARD "3.3-V LVCMOS" -to board_i2c_sda -entity top
set_instance_assignment -name IO_STANDARD "3.3-V LVCMOS" -to board_i2c_scl -entity top
set_instance_assignment -name OUTPUT_TERMINATION "SERIES 30 OHM WITHOUT CALIBRATION" -to board_i2c_sda -entity top
set_instance_assignment -name OUTPUT_TERMINATION "SERIES 30 OHM WITHOUT CALIBRATION" -to board_i2c_scl -entity top
set_instance_assignment -name INPUT_TERMINATION OFF -to board_i2c_sda -entity top
set_instance_assignment -name INPUT_TERMINATION OFF -to board_i2c_scl -entity top
set_instance_assignment -name SLEW_RATE 2 -to board_i2c_sda -entity top
set_instance_assignment -name SLEW_RATE 2 -to board_i2c_scl -entity top
set_location_assignment PIN_BB16 -to fgt_refclk_150
set_instance_assignment -name IO_STANDARD "CURRENT MODE LOGIC (CML)" -to fgt_refclk_150 -entity top
set_instance_assignment -name IO_STANDARD "CURRENT MODE LOGIC (CML)" -to "fgt_refclk_150(n)" -entity top
set_location_assignment PIN_BY7  -to fmc_tx_p[0]
set_location_assignment PIN_BT7  -to fmc_tx_p[1]
set_location_assignment PIN_BL7  -to fmc_tx_p[2]
set_location_assignment PIN_BG7  -to fmc_tx_p[3]
set_location_assignment PIN_BY10 -to fmc_tx_n[0]
set_location_assignment PIN_BT10 -to fmc_tx_n[1]
set_location_assignment PIN_BL10 -to fmc_tx_n[2]
set_location_assignment PIN_BG10 -to fmc_tx_n[3]
set_instance_assignment -name IO_STANDARD "HIGH SPEED DIFFERENTIAL I/O" -to fmc_tx_p[0] -entity top
set_instance_assignment -name IO_STANDARD "HIGH SPEED DIFFERENTIAL I/O" -to fmc_tx_p[1] -entity top
set_instance_assignment -name IO_STANDARD "HIGH SPEED DIFFERENTIAL I/O" -to fmc_tx_p[2] -entity top
set_instance_assignment -name IO_STANDARD "HIGH SPEED DIFFERENTIAL I/O" -to fmc_tx_p[3] -entity top
set_instance_assignment -name IO_STANDARD "HIGH SPEED DIFFERENTIAL I/O" -to fmc_tx_n[0] -entity top
set_instance_assignment -name IO_STANDARD "HIGH SPEED DIFFERENTIAL I/O" -to fmc_tx_n[1] -entity top
set_instance_assignment -name IO_STANDARD "HIGH SPEED DIFFERENTIAL I/O" -to fmc_tx_n[2] -entity top
set_instance_assignment -name IO_STANDARD "HIGH SPEED DIFFERENTIAL I/O" -to fmc_tx_n[3] -entity top
set_location_assignment PIN_B30 -to fmc_dp_tx_hpd
set_location_assignment PIN_B39 -to fmc_dp_tx_aux_in
set_location_assignment PIN_B35 -to fmc_dp_tx_cad
set_location_assignment PIN_A33 -to fmc_dp_tx_aux_out
set_location_assignment PIN_B23 -to fmc_dp_tx_aux_oe
set_instance_assignment -name IO_STANDARD "1.8-V LVCMOS" -to fmc_dp_tx_cad -entity top
set_instance_assignment -name SLEW_RATE 2 -to fmc_dp_tx_cad -entity top
set_instance_assignment -name OUTPUT_TERMINATION "SERIES 30 OHM WITHOUT CALIBRATION" -to fmc_dp_tx_cad -entity top
set_instance_assignment -name IO_STANDARD "1.8-V LVCMOS" -to fmc_dp_tx_hpd -entity top
set_instance_assignment -name INPUT_TERMINATION OFF -to fmc_dp_tx_hpd -entity top
set_instance_assignment -name IO_STANDARD "1.8-V LVCMOS" -to fmc_dp_tx_aux_in -entity top
set_instance_assignment -name INPUT_TERMINATION OFF -to fmc_dp_tx_aux_in -entity top
set_instance_assignment -name IO_STANDARD "1.8-V LVCMOS" -to fmc_dp_tx_aux_out -entity top
set_instance_assignment -name SLEW_RATE 2 -to fmc_dp_tx_aux_out -entity top
set_instance_assignment -name OUTPUT_TERMINATION "SERIES 30 OHM WITHOUT CALIBRATION" -to fmc_dp_tx_aux_out -entity top
set_instance_assignment -name IO_STANDARD "1.8-V LVCMOS" -to fmc_dp_tx_aux_oe -entity top
set_instance_assignment -name SLEW_RATE 2 -to fmc_dp_tx_aux_oe -entity top
set_instance_assignment -name OUTPUT_TERMINATION "SERIES 30 OHM WITHOUT CALIBRATION" -to fmc_dp_tx_aux_oe -entity top
set_location_assignment PIN_CB3 -to fmc_rx_n[0]
set_location_assignment PIN_CB1 -to fmc_rx_p[0]
set_instance_assignment -name IO_STANDARD "HIGH SPEED DIFFERENTIAL I/O" -to fmc_rx_n[0] -entity top
set_instance_assignment -name IO_STANDARD "HIGH SPEED DIFFERENTIAL I/O" -to fmc_rx_p[0] -entity top
set_location_assignment PIN_BV3 -to fmc_rx_n[1]
set_location_assignment PIN_BV1 -to fmc_rx_p[1]
set_instance_assignment -name IO_STANDARD "HIGH SPEED DIFFERENTIAL I/O" -to fmc_rx_n[1] -entity top
set_instance_assignment -name IO_STANDARD "HIGH SPEED DIFFERENTIAL I/O" -to fmc_rx_p[1] -entity top
set_location_assignment PIN_BN3 -to fmc_rx_n[2]
set_location_assignment PIN_BN1 -to fmc_rx_p[2]
set_location_assignment PIN_BJ3 -to fmc_rx_n[3]
set_location_assignment PIN_BJ1 -to fmc_rx_p[3]
set_instance_assignment -name IO_STANDARD "HIGH SPEED DIFFERENTIAL I/O" -to fmc_rx_n[2] -entity top
set_instance_assignment -name IO_STANDARD "HIGH SPEED DIFFERENTIAL I/O" -to fmc_rx_p[2] -entity top
set_instance_assignment -name IO_STANDARD "HIGH SPEED DIFFERENTIAL I/O" -to fmc_rx_n[3] -entity top
set_instance_assignment -name IO_STANDARD "HIGH SPEED DIFFERENTIAL I/O" -to fmc_rx_p[3] -entity top
set_location_assignment PIN_B20 -to fmc_dp_rx_hpd
set_location_assignment PIN_A17 -to fmc_dp_rx_aux_out
set_location_assignment PIN_B26 -to fmc_dp_rx_aux_oe
set_location_assignment PIN_A23 -to fmc_dp_rx_aux_in
set_location_assignment PIN_A39 -to fmc_dp_rx_pwr_detect
set_location_assignment PIN_A35 -to fmc_dp_rx_cable_detect
set_instance_assignment -name IO_STANDARD "1.8-V LVCMOS" -to fmc_dp_rx_hpd -entity top
set_instance_assignment -name SLEW_RATE 2 -to fmc_dp_rx_hpd -entity top
set_instance_assignment -name OUTPUT_TERMINATION "SERIES 30 OHM WITHOUT CALIBRATION" -to fmc_dp_rx_hpd -entity top
set_instance_assignment -name IO_STANDARD "1.8-V LVCMOS" -to fmc_dp_rx_aux_out -entity top
set_instance_assignment -name SLEW_RATE 2 -to fmc_dp_rx_aux_out -entity top
set_instance_assignment -name OUTPUT_TERMINATION "SERIES 30 OHM WITHOUT CALIBRATION" -to fmc_dp_rx_aux_out -entity top
set_instance_assignment -name IO_STANDARD "1.8-V LVCMOS" -to fmc_dp_rx_aux_oe -entity top
set_instance_assignment -name SLEW_RATE 2 -to fmc_dp_rx_aux_oe -entity top
set_instance_assignment -name OUTPUT_TERMINATION "SERIES 30 OHM WITHOUT CALIBRATION" -to fmc_dp_rx_aux_oe -entity top
set_instance_assignment -name IO_STANDARD "1.8-V LVCMOS" -to fmc_dp_rx_aux_in -entity top
set_instance_assignment -name IO_STANDARD "1.8-V LVCMOS" -to fmc_dp_rx_pwr_detect -entity top
set_instance_assignment -name IO_STANDARD "1.8-V LVCMOS" -to fmc_dp_rx_cable_detect -entity top
set_instance_assignment -name INPUT_TERMINATION OFF -to fmc_dp_rx_aux_in -entity top
set_instance_assignment -name INPUT_TERMINATION OFF -to fmc_dp_rx_pwr_detect -entity top
set_instance_assignment -name INPUT_TERMINATION OFF -to fmc_dp_rx_cable_detect -entity top
set_instance_assignment -name IO_STANDARD "CURRENT MODE LOGIC (CML)" -to syspll_refclk -entity top
set_instance_assignment -name IO_STANDARD "HIGH SPEED DIFFERENTIAL I/O" -to hdmi_fmc_rx_n[0] -entity top
set_instance_assignment -name IO_STANDARD "HIGH SPEED DIFFERENTIAL I/O" -to hdmi_fmc_rx_p[0] -entity top
set_instance_assignment -name IO_STANDARD "HIGH SPEED DIFFERENTIAL I/O" -to hdmi_fmc_rx_n[1] -entity top
set_instance_assignment -name IO_STANDARD "HIGH SPEED DIFFERENTIAL I/O" -to hdmi_fmc_rx_p[1] -entity top
set_instance_assignment -name IO_STANDARD "HIGH SPEED DIFFERENTIAL I/O" -to hdmi_fmc_rx_n[2] -entity top
set_instance_assignment -name IO_STANDARD "HIGH SPEED DIFFERENTIAL I/O" -to hdmi_fmc_rx_p[2] -entity top
set_instance_assignment -name IO_STANDARD "CURRENT MODE LOGIC (CML)" -to phy_refclk_rx -entity top
set_instance_assignment -name IO_STANDARD "HIGH SPEED DIFFERENTIAL I/O" -to hdmi_fmc_tx_p[0] -entity top
set_instance_assignment -name IO_STANDARD "HIGH SPEED DIFFERENTIAL I/O" -to hdmi_fmc_tx_p[1] -entity top
set_instance_assignment -name IO_STANDARD "HIGH SPEED DIFFERENTIAL I/O" -to hdmi_fmc_tx_p[2] -entity top
set_instance_assignment -name IO_STANDARD "HIGH SPEED DIFFERENTIAL I/O" -to hdmi_fmc_tx_p[3] -entity top
set_instance_assignment -name IO_STANDARD "HIGH SPEED DIFFERENTIAL I/O" -to hdmi_fmc_tx_n[0] -entity top
set_instance_assignment -name IO_STANDARD "HIGH SPEED DIFFERENTIAL I/O" -to hdmi_fmc_tx_n[1] -entity top
set_instance_assignment -name IO_STANDARD "HIGH SPEED DIFFERENTIAL I/O" -to hdmi_fmc_tx_n[2] -entity top
set_instance_assignment -name IO_STANDARD "HIGH SPEED DIFFERENTIAL I/O" -to hdmi_fmc_tx_n[3] -entity top
set_instance_assignment -name IO_STANDARD "CURRENT MODE LOGIC (CML)" -to phy_refclk_tx -entity top
set_location_assignment PIN_AV16 -to phy_refclk_rx
set_location_assignment PIN_BF1 -to hdmi_fmc_rx_p[0]
set_location_assignment PIN_BF3 -to hdmi_fmc_rx_n[0]
set_location_assignment PIN_BD1 -to hdmi_fmc_rx_p[1]
set_location_assignment PIN_BD3 -to hdmi_fmc_rx_n[1]
set_location_assignment PIN_BB1 -to hdmi_fmc_rx_p[2]
set_location_assignment PIN_BB3 -to hdmi_fmc_rx_n[2]
set_location_assignment PIN_CD134 -to hdmi_rx_hpd_n
set_location_assignment PIN_BR118 -to hdmi_5v_detect_n
set_location_assignment PIN_CG135 -to hdmi_rx_i2c_sda
set_location_assignment PIN_CA118 -to hdmi_rx_i2c_scl
set_instance_assignment -name IO_STANDARD "1.8-V LVCMOS" -to hdmi_rx_hpd_n -entity top
set_instance_assignment -name IO_STANDARD "1.8-V LVCMOS" -to hdmi_5v_detect_n -entity top
set_instance_assignment -name IO_STANDARD "1.8-V LVCMOS" -to hdmi_rx_i2c_sda -entity top
set_instance_assignment -name IO_STANDARD "1.8-V LVCMOS" -to hdmi_rx_i2c_scl -entity top
set_instance_assignment -name OUTPUT_TERMINATION "SERIES 40 OHM WITHOUT CALIBRATION" -to hdmi_rx_hpd_n -entity top
set_instance_assignment -name OUTPUT_TERMINATION "SERIES 40 OHM WITHOUT CALIBRATION" -to hdmi_rx_i2c_sda -entity top
set_instance_assignment -name INPUT_TERMINATION OFF -to hdmi_rx_hpd_n -entity top
set_instance_assignment -name INPUT_TERMINATION OFF -to hdmi_rx_i2c_sda -entity top
set_instance_assignment -name SLEW_RATE 2 -to hdmi_rx_hpd_n -entity top
set_instance_assignment -name SLEW_RATE 2 -to hdmi_rx_i2c_sda -entity top
set_location_assignment PIN_AY16  -to phy_refclk_tx
set_location_assignment PIN_BE7   -to hdmi_fmc_tx_p[0]
set_location_assignment PIN_BE10  -to hdmi_fmc_tx_n[0]
set_location_assignment PIN_BC7   -to hdmi_fmc_tx_p[1]
set_location_assignment PIN_BC10  -to hdmi_fmc_tx_n[1]
set_location_assignment PIN_BA7   -to hdmi_fmc_tx_p[2]
set_location_assignment PIN_BA10  -to hdmi_fmc_tx_n[2]
set_location_assignment PIN_AW7   -to hdmi_fmc_tx_p[3]
set_location_assignment PIN_AW10  -to hdmi_fmc_tx_n[3]
set_location_assignment PIN_CG134 -to hdmi_tx_hpd_n
set_location_assignment PIN_BW118 -to hdmi_tx_i2c_sda
set_location_assignment PIN_CD135 -to hdmi_tx_i2c_scl
set_instance_assignment -name IO_STANDARD "1.8-V LVCMOS" -to hdmi_tx_hpd_n -entity top
set_instance_assignment -name IO_STANDARD "1.8-V LVCMOS" -to hdmi_tx_i2c_sda -entity top
set_instance_assignment -name IO_STANDARD "1.8-V LVCMOS" -to hdmi_tx_i2c_scl -entity top
set_instance_assignment -name OUTPUT_TERMINATION "SERIES 40 OHM WITHOUT CALIBRATION" -to hdmi_tx_i2c_sda -entity top
set_instance_assignment -name OUTPUT_TERMINATION "SERIES 40 OHM WITHOUT CALIBRATION" -to hdmi_tx_i2c_scl -entity top
set_instance_assignment -name INPUT_TERMINATION OFF -to hdmi_tx_i2c_sda -entity top
set_instance_assignment -name INPUT_TERMINATION OFF -to hdmi_tx_i2c_scl -entity top
set_instance_assignment -name SLEW_RATE 2 -to hdmi_tx_i2c_sda -entity top
set_instance_assignment -name SLEW_RATE 2 -to hdmi_tx_i2c_scl -entity top
set_location_assignment PIN_AT16  -to syspll_refclk
set_location_assignment PIN_CK125 -to i2c_hdmi_sda
set_location_assignment PIN_CK128 -to i2c_hdmi_scl
set_instance_assignment -name IO_STANDARD "1.8-V LVCMOS" -to i2c_hdmi_sda -entity top
set_instance_assignment -name IO_STANDARD "1.8-V LVCMOS" -to i2c_hdmi_scl -entity top
set_instance_assignment -name OUTPUT_TERMINATION "SERIES 40 OHM WITHOUT CALIBRATION" -to i2c_hdmi_sda -entity top
set_instance_assignment -name OUTPUT_TERMINATION "SERIES 40 OHM WITHOUT CALIBRATION" -to i2c_hdmi_scl -entity top
set_instance_assignment -name INPUT_TERMINATION OFF -to i2c_hdmi_sda -entity top
set_instance_assignment -name INPUT_TERMINATION OFF -to i2c_hdmi_scl -entity top
set_instance_assignment -name SLEW_RATE 2 -to i2c_hdmi_sda -entity top
set_instance_assignment -name SLEW_RATE 2 -to i2c_hdmi_scl -entity top
set_location_assignment PIN_BU109 -to i2c_max10_scl
set_location_assignment PIN_BK109 -to i2c_max10_sda
set_location_assignment PIN_BR28  -to i2c_clocks_scl
set_location_assignment PIN_BR31  -to i2c_clocks_sda
set_instance_assignment -name IO_STANDARD "3.3-V LVCMOS" -to i2c_clocks_scl -entity top
set_instance_assignment -name IO_STANDARD "3.3-V LVCMOS" -to i2c_clocks_sda -entity top
set_instance_assignment -name OUTPUT_TERMINATION "SERIES 40 OHM WITHOUT CALIBRATION" -to i2c_clocks_scl -entity top
set_instance_assignment -name OUTPUT_TERMINATION "SERIES 40 OHM WITHOUT CALIBRATION" -to i2c_clocks_sda -entity top
set_instance_assignment -name INPUT_TERMINATION OFF -to i2c_clocks_scl -entity top
set_instance_assignment -name INPUT_TERMINATION OFF -to i2c_clocks_sda -entity top
set_instance_assignment -name SLEW_RATE 2 -to i2c_clocks_scl -entity top
set_instance_assignment -name SLEW_RATE 2 -to i2c_clocks_sda -entity top
set_instance_assignment -name IO_STANDARD "3.3-V LVCMOS" -to i2c_max10_scl -entity top
set_instance_assignment -name IO_STANDARD "3.3-V LVCMOS" -to i2c_max10_sda -entity top
set_instance_assignment -name OUTPUT_TERMINATION "SERIES 40 OHM WITHOUT CALIBRATION" -to i2c_max10_scl -entity top
set_instance_assignment -name OUTPUT_TERMINATION "SERIES 40 OHM WITHOUT CALIBRATION" -to i2c_max10_sda -entity top
set_instance_assignment -name INPUT_TERMINATION OFF -to i2c_max10_scl -entity top
set_instance_assignment -name INPUT_TERMINATION OFF -to i2c_max10_sda -entity top
set_instance_assignment -name SLEW_RATE 2 -to i2c_max10_scl -entity top
set_instance_assignment -name SLEW_RATE 2 -to i2c_max10_sda -entity top
set_global_assignment -name IP_FILE         src/ip/hdmi_subsys/gxb/intel_hdmi_tx_phy.ip
set_global_assignment -name IP_FILE         src/ip/hdmi_subsys/gxb/intel_hdmi_rx_phy.ip
set_global_assignment -name IP_FILE         src/ip/hdmi_subsys/common/output_buf_i2c.ip
set_global_assignment -name VERILOG_FILE    src/rtl/hdmi_subsys/sm_axi_tmds_demo.v
set_global_assignment -name MESSAGE_DISABLE 24541 -entity DS_GROUP_0
set_global_assignment -name MESSAGE_DISABLE 16788 -entity DS_GROUP_0
set_instance_assignment -name DS_GROUP_IP_INSTANCE intel_hdmi_rx_phy -to hdmi_rx_inst0 -entity DS_GROUP_0
set_instance_assignment -name DS_GROUP_IP_INSTANCE intel_hdmi_tx_phy -to hdmi_tx_inst0 -entity DS_GROUP_0
set_instance_assignment -name DS_GROUP_RELATIVE_LOCATION_OF_IP_INSTANCE 0 -to hdmi_rx_inst0 -entity DS_GROUP_0
set_instance_assignment -name DS_GROUP_RELATIVE_LOCATION_OF_IP_INSTANCE 0 -to hdmi_tx_inst0 -entity DS_GROUP_0
set_instance_assignment -name DS_LOOPBACK_MODE NO_LOOPBACK -to DS_GROUP_0 -entity DS_GROUP_0
set_instance_assignment -name DS_SHARED_CLOCK sysclk -to hdmi_rx_inst0|sysclk -entity DS_GROUP_0
set_instance_assignment -name DS_SHARED_CLOCK sysclk -to hdmi_tx_inst0|sysclk -entity DS_GROUP_0
set_instance_assignment -name DS_SHARED_CLOCK sysclk_locked -to hdmi_rx_inst0|sysclk_locked -entity DS_GROUP_0
set_instance_assignment -name DS_SHARED_CLOCK sysclk_locked -to hdmi_tx_inst0|sysclk_locked -entity DS_GROUP_0
set_location_assignment PIN_BB120 -to sdi_syspll_refclk
set_instance_assignment -name IO_STANDARD "CURRENT MODE LOGIC (CML)" -to sdi_syspll_refclk -entity top
set_location_assignment PIN_BR69  -to lmk03328_pdn
set_location_assignment PIN_BE96  -to fmc_lmh1983_init
set_location_assignment PIN_BE93  -to fmc_fpga_fldn
set_location_assignment PIN_BR71  -to fmc_fpga_vsyncn
set_location_assignment PIN_BU71  -to fmc_fpga_hsyncn
set_location_assignment PIN_AV120 -to txpll_refclk
set_location_assignment PIN_AY120 -to xcvr_refclk_1485
set_location_assignment PIN_BE129 -to fmc_tx0_p
set_location_assignment PIN_BE126 -to fmc_tx0_n
set_location_assignment PIN_AY135 -to fmc_rx2_p
set_location_assignment PIN_AY133 -to fmc_rx2_n
set_location_assignment PIN_BP112 -to i2c_sdi_scl
set_location_assignment PIN_BK118 -to i2c_sdi_sda
set_instance_assignment -name DR_IP_INSTANCE dphy_rx -to dphy_rx_inst -section_id dr_top
set_instance_assignment -name DR_GROUP_RECONFIG_ID 1 -to dphy_rx_inst -section_id dr_top
set_instance_assignment -name DR_IP_INSTANCE_RELATIVE_LOCATION 0 -to dphy_rx_inst -section_id dr_top
set_instance_assignment -name DR_COMBINATION 1 -to dphy_rx_inst -section_id dr_top
set_global_assignment -name DR_GROUP_STARTUP_COMBINATION 1 -section_id dr_top
set_instance_assignment -name IO_STANDARD "3.3-V LVCMOS" -to i2c_sdi_scl -entity top
set_instance_assignment -name IO_STANDARD "3.3-V LVCMOS" -to i2c_sdi_sda -entity top
set_instance_assignment -name OUTPUT_TERMINATION "SERIES 40 OHM WITHOUT CALIBRATION" -to i2c_sdi_scl -entity top
set_instance_assignment -name OUTPUT_TERMINATION "SERIES 40 OHM WITHOUT CALIBRATION" -to i2c_sdi_sda -entity top
set_instance_assignment -name INPUT_TERMINATION OFF -to i2c_sdi_scl -entity top
set_instance_assignment -name INPUT_TERMINATION OFF -to i2c_sdi_sda -entity top
set_instance_assignment -name SLEW_RATE 2 -to i2c_sdi_scl -entity top
set_instance_assignment -name SLEW_RATE 2 -to i2c_sdi_sda -entity top
set_instance_assignment -name IO_STANDARD 1.2V -to lmk03328_pdn -entity top
set_instance_assignment -name IO_STANDARD 1.2V -to fmc_lmh1983_init -entity top
set_instance_assignment -name IO_STANDARD 1.2V -to fmc_fpga_fldn -entity top
set_instance_assignment -name IO_STANDARD 1.2V -to fmc_fpga_vsyncn -entity top
set_instance_assignment -name IO_STANDARD 1.2V -to fmc_fpga_hsyncn -entity top
set_instance_assignment -name IO_STANDARD "CURRENT MODE LOGIC (CML)" -to txpll_refclk -entity top
set_instance_assignment -name IO_STANDARD "CURRENT MODE LOGIC (CML)" -to xcvr_refclk_1485 -entity top
set_instance_assignment -name IO_STANDARD "HIGH SPEED DIFFERENTIAL I/O" -to fmc_tx0_p -entity top
set_instance_assignment -name IO_STANDARD "HIGH SPEED DIFFERENTIAL I/O" -to fmc_tx0_n -entity top
set_instance_assignment -name IO_STANDARD "HIGH SPEED DIFFERENTIAL I/O" -to fmc_rx2_p -entity top
set_instance_assignment -name IO_STANDARD "HIGH SPEED DIFFERENTIAL I/O" -to fmc_rx2_n -entity top
set_instance_assignment -name SLEW_RATE 1 -to fmc_lmh1983_init -entity top
set_instance_assignment -name SLEW_RATE 1 -to fmc_fpga_fldn -entity top
set_instance_assignment -name SLEW_RATE 1 -to fmc_fpga_vsyncn -entity top
set_instance_assignment -name SLEW_RATE 1 -to fmc_fpga_hsyncn -entity top
set_instance_assignment -name SLEW_RATE 2 -to lmk03328_pdn -entity top
set_instance_assignment -name SLEW_RATE 3 -to fmc_tx0_p -entity top
set_instance_assignment -name SLEW_RATE 3 -to fmc_tx0_n -entity top
set_instance_assignment -name OUTPUT_TERMINATION "SERIES 40 OHM WITHOUT CALIBRATION" -to fmc_lmh1983_init -entity top
set_instance_assignment -name OUTPUT_TERMINATION "SERIES 40 OHM WITHOUT CALIBRATION" -to fmc_fpga_fldn -entity top
set_instance_assignment -name OUTPUT_TERMINATION "SERIES 40 OHM WITHOUT CALIBRATION" -to fmc_fpga_vsyncn -entity top
set_instance_assignment -name OUTPUT_TERMINATION "SERIES 40 OHM WITHOUT CALIBRATION" -to fmc_fpga_hsyncn -entity top
set_instance_assignment -name OUTPUT_TERMINATION "SERIES 40 OHM WITHOUT CALIBRATION" -to lmk03328_pdn -entity top
set_global_assignment -name IP_FILE             src/ip/sdi_subsys/xcvr_ref_sysclk.ip
set_global_assignment -name IP_FILE             src/ip/sdi_subsys/reset_seq.ip
set_global_assignment -name IP_FILE             src/ip/sdi_subsys/dr_ctrl.ip
set_global_assignment -name IP_FILE             src/ip/sdi_subsys/phy_adapter/txdata_fifo.ip
set_global_assignment -name IP_FILE             src/ip/sdi_subsys/phy_adapter/rxdata_3ghd_fifo.ip
set_global_assignment -name IP_FILE             src/ip/sdi_subsys/phy_adapter/rxdata_12g_fifo.ip
set_global_assignment -name IP_FILE             src/ip/sdi_subsys/phy_adapter/rxdata_6g_fifo.ip
set_global_assignment -name IP_FILE             src/ip/sdi_subsys/rx/dphy_rx.ip
set_global_assignment -name IP_FILE             src/ip/sdi_subsys/tx/dphy_tx.ip
set_global_assignment -name VERILOG_FILE        src/rtl/sdi_subsys/alt_reset_delay.v
set_global_assignment -name SYSTEMVERILOG_FILE  src/rtl/sdi_subsys/edge_detector.sv
set_global_assignment -name SYSTEMVERILOG_FILE  src/rtl/sdi_subsys/phy_adapter/sdi_phy_adapter.sv
set_global_assignment -name SYSTEMVERILOG_FILE  src/rtl/sdi_subsys/tx/tx_mr_top.sv
set_global_assignment -name SYSTEMVERILOG_FILE  src/rtl/sdi_subsys/rx/rx_mr_top.sv
set_global_assignment -name SYSTEMVERILOG_FILE  src/rtl/sdi_subsys/rx/sdi_rx_dr_gts.sv
set_global_assignment -name SYSTEMVERILOG_FILE  src/rtl/sdi_subsys/en_refclk_buffer.sv
set_global_assignment -name SYSTEMVERILOG_FILE  src/rtl/sdi_subsys/sdi_ii_agi_demo.sv
set_global_assignment -name SDC_ENTITY_FILE     src/rtl/sdi_subsys/phy_adapter/sdi_phy_adapter.sdc -entity sdi_phy_adapter
set_global_assignment -name MESSAGE_DISABLE 23414
set_global_assignment -name MESSAGE_DISABLE 127005
set_global_assignment -name MESSAGE_DISABLE 23413
set_global_assignment -name MESSAGE_DISABLE 127004
set_global_assignment -name MESSAGE_DISABLE 332174
set_global_assignment -name MESSAGE_DISABLE 332049
set_instance_assignment -name SYNCHRONIZER_IDENTIFICATION OFF -to "dp_ss|i_dp_core|dp_rx|dp_sink|dp_sink|intel_dp_inst|g_dp_rx.u_dp_rx_decoder|STREAM[0].com_vidstrm|dp2p0_vid.u_rx_dp2p0_vidstrm|msa_lock_vid_cc|gen_width_eq_1.data_out_sync0"
set_global_assignment -name MESSAGE_DISABLE 113015
set_global_assignment -name MESSAGE_DISABLE 14320 -entity bitec_hdmi_rx
set_global_assignment -name MESSAGE_DISABLE 14320 -entity bitec_hdmi_tx
set_global_assignment -name IP_FILE             src/ip/dp_subsys/dp_gts_rss.ip
set_global_assignment -name IP_FILE             src/ip/dp_subsys/dp_iopll.ip
set_global_assignment -name IP_FILE             src/ip/dp_subsys/dp_gts_rxtx.ip
set_global_assignment -name IP_FILE             src/ip/dp_subsys/dp_pxl_iopll.ip
set_global_assignment -name IP_FILE             src/ip/dp_subsys/reset_release.ip
set_global_assignment -name IP_FILE             src/ip/dp_subsys/dp_clk_ctrl.ip
set_global_assignment -name IP_FILE             src/ip/dp_subsys/tx_vid_pll.ip
set_global_assignment -name VERILOG_FILE        src/rtl/dp_subsys/mr_rate_detect.v
set_global_assignment -name SYSTEMVERILOG_FILE  src/rtl/dp_subsys/agi_dp_demo.sv
set_global_assignment -name SYSTEMVERILOG_FILE  src/rtl/dp_subsys/reset_extender.sv
set_global_assignment -name SYSTEMVERILOG_FILE  src/rtl/dp_subsys/reset_ctrl.sv
set_global_assignment -name SYSTEMVERILOG_FILE  src/rtl/vvp_subsys/top_vvp_pipe.sv
set_global_assignment -name SYSTEMVERILOG_FILE  src/rtl/top.sv
set_global_assignment -name SEARCH_PATH         src/sw/vvp_subsys/build/mem_init
set_global_assignment -name QIP_FILE            src/sw/vvp_subsys/build/mem_init/meminit.qip
set_global_assignment -name PRE_FLOW_SCRIPT_FILE "quartus_sh:./script/generation_step_vds.tcl"
set_global_assignment -name QIP_FILE DS_GROUP_0/DS_GROUP_0.qip -tag quartus_tlg
set_global_assignment -name SPD_FILE DS_GROUP_0/DS_GROUP_0.spd -tag quartus_tlg
set_global_assignment -name QIP_FILE support_logic/dr_top/dr_top.qip -tag quartus_tlg
set_global_assignment -name SPD_FILE support_logic/dr_top/dr_top.spd -tag quartus_tlg









